// !$*UTF8*$!
{
	archiveVersion = 1;
	classes = {
	};
	objectVersion = 50;
	objects = {

/* Begin PBXBuildFile section */
		001CA8262251C8A3009D8868 /* main.cpp in Sources */ = {isa = PBXBuildFile; fileRef = 001CA8252251C8A3009D8868 /* main.cpp */; };
		001CA82E2251C8CF009D8868 /* SDL2.framework in Frameworks */ = {isa = PBXBuildFile; fileRef = 001CA82D2251C8CE009D8868 /* SDL2.framework */; };
		001CA8352251CE30009D8868 /* graphics.cpp in Sources */ = {isa = PBXBuildFile; fileRef = 001CA8342251CE30009D8868 /* graphics.cpp */; };
		001CA83822539A36009D8868 /* game.cpp in Sources */ = {isa = PBXBuildFile; fileRef = 001CA83722539A36009D8868 /* game.cpp */; };
		001CA83B22539D62009D8868 /* input.cpp in Sources */ = {isa = PBXBuildFile; fileRef = 001CA83A22539D62009D8868 /* input.cpp */; };
		001CA83F2255BB02009D8868 /* SDL2_image.framework in Frameworks */ = {isa = PBXBuildFile; fileRef = 001CA83E2255BB02009D8868 /* SDL2_image.framework */; };
/* End PBXBuildFile section */

/* Begin PBXCopyFilesBuildPhase section */
		001CA8202251C8A3009D8868 /* CopyFiles */ = {
			isa = PBXCopyFilesBuildPhase;
			buildActionMask = 2147483647;
			dstPath = /usr/share/man/man1/;
			dstSubfolderSpec = 0;
			files = (
			);
			runOnlyForDeploymentPostprocessing = 1;
		};
/* End PBXCopyFilesBuildPhase section */

/* Begin PBXFileReference section */
		001CA8222251C8A3009D8868 /* Quazy Quaves */ = {isa = PBXFileReference; explicitFileType = "compiled.mach-o.executable"; includeInIndex = 0; path = "Quazy Quaves"; sourceTree = BUILT_PRODUCTS_DIR; };
		001CA8252251C8A3009D8868 /* main.cpp */ = {isa = PBXFileReference; lastKnownFileType = sourcecode.cpp.cpp; path = main.cpp; sourceTree = "<group>"; };
		001CA82D2251C8CE009D8868 /* SDL2.framework */ = {isa = PBXFileReference; lastKnownFileType = wrapper.framework; name = SDL2.framework; path = ../../../../../Library/Frameworks/SDL2.framework; sourceTree = "<group>"; };
		001CA8332251CCBC009D8868 /* graphics.h */ = {isa = PBXFileReference; lastKnownFileType = sourcecode.c.h; path = graphics.h; sourceTree = "<group>"; };
		001CA8342251CE30009D8868 /* graphics.cpp */ = {isa = PBXFileReference; lastKnownFileType = sourcecode.cpp.cpp; path = graphics.cpp; sourceTree = "<group>"; };
		001CA836225397E8009D8868 /* game.h */ = {isa = PBXFileReference; lastKnownFileType = sourcecode.c.h; path = game.h; sourceTree = "<group>"; };
		001CA83722539A36009D8868 /* game.cpp */ = {isa = PBXFileReference; lastKnownFileType = sourcecode.cpp.cpp; path = game.cpp; sourceTree = "<group>"; };
		001CA83922539C1B009D8868 /* input.h */ = {isa = PBXFileReference; lastKnownFileType = sourcecode.c.h; path = input.h; sourceTree = "<group>"; };
		001CA83A22539D62009D8868 /* input.cpp */ = {isa = PBXFileReference; lastKnownFileType = sourcecode.cpp.cpp; path = input.cpp; sourceTree = "<group>"; };
		001CA83E2255BB02009D8868 /* SDL2_image.framework */ = {isa = PBXFileReference; lastKnownFileType = wrapper.framework; name = SDL2_image.framework; path = ../../../../../Library/Frameworks/SDL2_image.framework; sourceTree = "<group>"; };
/* End PBXFileReference section */

/* Begin PBXFrameworksBuildPhase section */
		001CA81F2251C8A3009D8868 /* Frameworks */ = {
			isa = PBXFrameworksBuildPhase;
			buildActionMask = 2147483647;
			files = (
				001CA83F2255BB02009D8868 /* SDL2_image.framework in Frameworks */,
				001CA82E2251C8CF009D8868 /* SDL2.framework in Frameworks */,
			);
			runOnlyForDeploymentPostprocessing = 0;
		};
/* End PBXFrameworksBuildPhase section */

/* Begin PBXGroup section */
		001CA8192251C8A3009D8868 = {
			isa = PBXGroup;
			children = (
				001CA8242251C8A3009D8868 /* Quazy Quaves */,
				001CA8232251C8A3009D8868 /* Products */,
				001CA82C2251C8CE009D8868 /* Frameworks */,
			);
			sourceTree = "<group>";
		};
		001CA8232251C8A3009D8868 /* Products */ = {
			isa = PBXGroup;
			children = (
				001CA8222251C8A3009D8868 /* Quazy Quaves */,
			);
			name = Products;
			sourceTree = "<group>";
		};
		001CA8242251C8A3009D8868 /* Quazy Quaves */ = {
			isa = PBXGroup;
			children = (
				001CA83C22546FAE009D8868 /* content */,
				001CA82F2251CC15009D8868 /* source */,
			);
			path = "Quazy Quaves";
			sourceTree = "<group>";
		};
		001CA82C2251C8CE009D8868 /* Frameworks */ = {
			isa = PBXGroup;
			children = (
				001CA83E2255BB02009D8868 /* SDL2_image.framework */,
				001CA82D2251C8CE009D8868 /* SDL2.framework */,
			);
			name = Frameworks;
			sourceTree = "<group>";
		};
		001CA82F2251CC15009D8868 /* source */ = {
			isa = PBXGroup;
			children = (
				001CA8322251CC8E009D8868 /* src */,
				001CA8312251CC73009D8868 /* headers */,
			);
			path = source;
			sourceTree = "<group>";
		};
		001CA8312251CC73009D8868 /* headers */ = {
			isa = PBXGroup;
			children = (
				001CA8332251CCBC009D8868 /* graphics.h */,
				001CA836225397E8009D8868 /* game.h */,
				001CA83922539C1B009D8868 /* input.h */,
			);
			path = headers;
			sourceTree = "<group>";
		};
		001CA8322251CC8E009D8868 /* src */ = {
			isa = PBXGroup;
			children = (
				001CA8252251C8A3009D8868 /* main.cpp */,
				001CA8342251CE30009D8868 /* graphics.cpp */,
				001CA83722539A36009D8868 /* game.cpp */,
				001CA83A22539D62009D8868 /* input.cpp */,
			);
			path = src;
			sourceTree = "<group>";
		};
		001CA83C22546FAE009D8868 /* content */ = {
			isa = PBXGroup;
			children = (
				001CA83D22546FC1009D8868 /* sprites */,
			);
			path = content;
			sourceTree = "<group>";
		};
		001CA83D22546FC1009D8868 /* sprites */ = {
			isa = PBXGroup;
			children = (
			);
			path = sprites;
			sourceTree = "<group>";
		};
/* End PBXGroup section */

/* Begin PBXNativeTarget section */
		001CA8212251C8A3009D8868 /* Quazy Quaves */ = {
			isa = PBXNativeTarget;
			buildConfigurationList = 001CA8292251C8A3009D8868 /* Build configuration list for PBXNativeTarget "Quazy Quaves" */;
			buildPhases = (
				001CA81E2251C8A3009D8868 /* Sources */,
				001CA81F2251C8A3009D8868 /* Frameworks */,
				001CA8202251C8A3009D8868 /* CopyFiles */,
			);
			buildRules = (
			);
			dependencies = (
			);
			name = "Quazy Quaves";
			productName = "Quazy Quaves";
			productReference = 001CA8222251C8A3009D8868 /* Quazy Quaves */;
			productType = "com.apple.product-type.tool";
		};
/* End PBXNativeTarget section */

/* Begin PBXProject section */
		001CA81A2251C8A3009D8868 /* Project object */ = {
			isa = PBXProject;
			attributes = {
				LastUpgradeCheck = 1020;
				ORGANIZATIONNAME = "Lee Mulvey";
				TargetAttributes = {
					001CA8212251C8A3009D8868 = {
						CreatedOnToolsVersion = 10.2;
					};
				};
			};
			buildConfigurationList = 001CA81D2251C8A3009D8868 /* Build configuration list for PBXProject "Quazy Quaves" */;
			compatibilityVersion = "Xcode 9.3";
			developmentRegion = en;
			hasScannedForEncodings = 0;
			knownRegions = (
				en,
			);
			mainGroup = 001CA8192251C8A3009D8868;
			productRefGroup = 001CA8232251C8A3009D8868 /* Products */;
			projectDirPath = "";
			projectRoot = "";
			targets = (
				001CA8212251C8A3009D8868 /* Quazy Quaves */,
			);
		};
/* End PBXProject section */

/* Begin PBXSourcesBuildPhase section */
		001CA81E2251C8A3009D8868 /* Sources */ = {
			isa = PBXSourcesBuildPhase;
			buildActionMask = 2147483647;
			files = (
				001CA8352251CE30009D8868 /* graphics.cpp in Sources */,
				001CA8262251C8A3009D8868 /* main.cpp in Sources */,
				001CA83B22539D62009D8868 /* input.cpp in Sources */,
				001CA83822539A36009D8868 /* game.cpp in Sources */,
			);
			runOnlyForDeploymentPostprocessing = 0;
		};
/* End PBXSourcesBuildPhase section */

/* Begin XCBuildConfiguration section */
		001CA8272251C8A3009D8868 /* Debug */ = {
			isa = XCBuildConfiguration;
			buildSettings = {
				ALWAYS_SEARCH_USER_PATHS = NO;
				CLANG_ANALYZER_NONNULL = YES;
				CLANG_ANALYZER_NUMBER_OBJECT_CONVERSION = YES_AGGRESSIVE;
				CLANG_CXX_LANGUAGE_STANDARD = "gnu++14";
				CLANG_CXX_LIBRARY = "libc++";
				CLANG_ENABLE_MODULES = YES;
				CLANG_ENABLE_OBJC_ARC = YES;
				CLANG_ENABLE_OBJC_WEAK = YES;
				CLANG_WARN_BLOCK_CAPTURE_AUTORELEASING = YES;
				CLANG_WARN_BOOL_CONVERSION = YES;
				CLANG_WARN_COMMA = YES;
				CLANG_WARN_CONSTANT_CONVERSION = YES;
				CLANG_WARN_DEPRECATED_OBJC_IMPLEMENTATIONS = YES;
				CLANG_WARN_DIRECT_OBJC_ISA_USAGE = YES_ERROR;
				CLANG_WARN_DOCUMENTATION_COMMENTS = YES;
				CLANG_WARN_EMPTY_BODY = YES;
				CLANG_WARN_ENUM_CONVERSION = YES;
				CLANG_WARN_INFINITE_RECURSION = YES;
				CLANG_WARN_INT_CONVERSION = YES;
				CLANG_WARN_NON_LITERAL_NULL_CONVERSION = YES;
				CLANG_WARN_OBJC_IMPLICIT_RETAIN_SELF = YES;
				CLANG_WARN_OBJC_LITERAL_CONVERSION = YES;
				CLANG_WARN_OBJC_ROOT_CLASS = YES_ERROR;
				CLANG_WARN_RANGE_LOOP_ANALYSIS = YES;
				CLANG_WARN_STRICT_PROTOTYPES = YES;
				CLANG_WARN_SUSPICIOUS_MOVE = YES;
				CLANG_WARN_UNGUARDED_AVAILABILITY = YES_AGGRESSIVE;
				CLANG_WARN_UNREACHABLE_CODE = YES;
				CLANG_WARN__DUPLICATE_METHOD_MATCH = YES;
				CODE_SIGN_IDENTITY = "-";
				COPY_PHASE_STRIP = NO;
				DEBUG_INFORMATION_FORMAT = dwarf;
				ENABLE_STRICT_OBJC_MSGSEND = YES;
				ENABLE_TESTABILITY = YES;
				GCC_C_LANGUAGE_STANDARD = gnu11;
				GCC_DYNAMIC_NO_PIC = NO;
				GCC_NO_COMMON_BLOCKS = YES;
				GCC_OPTIMIZATION_LEVEL = 0;
				GCC_PREPROCESSOR_DEFINITIONS = (
					"DEBUG=1",
					"$(inherited)",
				);
				GCC_WARN_64_TO_32_BIT_CONVERSION = YES;
				GCC_WARN_ABOUT_RETURN_TYPE = YES_ERROR;
				GCC_WARN_UNDECLARED_SELECTOR = YES;
				GCC_WARN_UNINITIALIZED_AUTOS = YES_AGGRESSIVE;
				GCC_WARN_UNUSED_FUNCTION = YES;
				GCC_WARN_UNUSED_VARIABLE = YES;
				MACOSX_DEPLOYMENT_TARGET = 10.14;
				MTL_ENABLE_DEBUG_INFO = INCLUDE_SOURCE;
				MTL_FAST_MATH = YES;
				ONLY_ACTIVE_ARCH = YES;
				SDKROOT = macosx;
			};
			name = Debug;
		};
		001CA8282251C8A3009D8868 /* Release */ = {
			isa = XCBuildConfiguration;
			buildSettings = {
				ALWAYS_SEARCH_USER_PATHS = NO;
				CLANG_ANALYZER_NONNULL = YES;
				CLANG_ANALYZER_NUMBER_OBJECT_CONVERSION = YES_AGGRESSIVE;
				CLANG_CXX_LANGUAGE_STANDARD = "gnu++14";
				CLANG_CXX_LIBRARY = "libc++";
				CLANG_ENABLE_MODULES = YES;
				CLANG_ENABLE_OBJC_ARC = YES;
				CLANG_ENABLE_OBJC_WEAK = YES;
				CLANG_WARN_BLOCK_CAPTURE_AUTORELEASING = YES;
				CLANG_WARN_BOOL_CONVERSION = YES;
				CLANG_WARN_COMMA = YES;
				CLANG_WARN_CONSTANT_CONVERSION = YES;
				CLANG_WARN_DEPRECATED_OBJC_IMPLEMENTATIONS = YES;
				CLANG_WARN_DIRECT_OBJC_ISA_USAGE = YES_ERROR;
				CLANG_WARN_DOCUMENTATION_COMMENTS = YES;
				CLANG_WARN_EMPTY_BODY = YES;
				CLANG_WARN_ENUM_CONVERSION = YES;
				CLANG_WARN_INFINITE_RECURSION = YES;
				CLANG_WARN_INT_CONVERSION = YES;
				CLANG_WARN_NON_LITERAL_NULL_CONVERSION = YES;
				CLANG_WARN_OBJC_IMPLICIT_RETAIN_SELF = YES;
				CLANG_WARN_OBJC_LITERAL_CONVERSION = YES;
				CLANG_WARN_OBJC_ROOT_CLASS = YES_ERROR;
				CLANG_WARN_RANGE_LOOP_ANALYSIS = YES;
				CLANG_WARN_STRICT_PROTOTYPES = YES;
				CLANG_WARN_SUSPICIOUS_MOVE = YES;
				CLANG_WARN_UNGUARDED_AVAILABILITY = YES_AGGRESSIVE;
				CLANG_WARN_UNREACHABLE_CODE = YES;
				CLANG_WARN__DUPLICATE_METHOD_MATCH = YES;
				CODE_SIGN_IDENTITY = "-";
				COPY_PHASE_STRIP = NO;
				DEBUG_INFORMATION_FORMAT = "dwarf-with-dsym";
				ENABLE_NS_ASSERTIONS = NO;
				ENABLE_STRICT_OBJC_MSGSEND = YES;
				GCC_C_LANGUAGE_STANDARD = gnu11;
				GCC_NO_COMMON_BLOCKS = YES;
				GCC_WARN_64_TO_32_BIT_CONVERSION = YES;
				GCC_WARN_ABOUT_RETURN_TYPE = YES_ERROR;
				GCC_WARN_UNDECLARED_SELECTOR = YES;
				GCC_WARN_UNINITIALIZED_AUTOS = YES_AGGRESSIVE;
				GCC_WARN_UNUSED_FUNCTION = YES;
				GCC_WARN_UNUSED_VARIABLE = YES;
				MACOSX_DEPLOYMENT_TARGET = 10.14;
				MTL_ENABLE_DEBUG_INFO = NO;
				MTL_FAST_MATH = YES;
				SDKROOT = macosx;
			};
			name = Release;
		};
		001CA82A2251C8A3009D8868 /* Debug */ = {
			isa = XCBuildConfiguration;
			buildSettings = {
				CODE_SIGN_STYLE = Automatic;
				FRAMEWORK_SEARCH_PATHS = (
					"$(inherited)",
					"$(LOCAL_LIBRARY_DIR)/Frameworks",
				);
				PRODUCT_NAME = "$(TARGET_NAME)";
			};
			name = Debug;
		};
		001CA82B2251C8A3009D8868 /* Release */ = {
			isa = XCBuildConfiguration;
			buildSettings = {
				CODE_SIGN_STYLE = Automatic;
				FRAMEWORK_SEARCH_PATHS = (
					"$(inherited)",
					"$(LOCAL_LIBRARY_DIR)/Frameworks",
				);
				PRODUCT_NAME = "$(TARGET_NAME)";
			};
			name = Release;
		};
/* End XCBuildConfiguration section */

/* Begin XCConfigurationList section */
		001CA81D2251C8A3009D8868 /* Build configuration list for PBXProject "Quazy Quaves" */ = {
			isa = XCConfigurationList;
			buildConfigurations = (
				001CA8272251C8A3009D8868 /* Debug */,
				001CA8282251C8A3009D8868 /* Release */,
			);
			defaultConfigurationIsVisible = 0;
			defaultConfigurationName = Release;
		};
		001CA8292251C8A3009D8868 /* Build configuration list for PBXNativeTarget "Quazy Quaves" */ = {
			isa = XCConfigurationList;
			buildConfigurations = (
				001CA82A2251C8A3009D8868 /* Debug */,
				001CA82B2251C8A3009D8868 /* Release */,
			);
			defaultConfigurationIsVisible = 0;
			defaultConfigurationName = Release;
		};
/* End XCConfigurationList section */
	};
	rootObject = 001CA81A2251C8A3009D8868 /* Project object */;
}
